// !$*UTF8*$!
{
	archiveVersion = 1;
	classes = {
	};
	objectVersion = 56;
	objects = {

/* Begin PBXBuildFile section */
		9A1BA5792914AFE000FC919C /* BeSpoked_BikesApp.swift in Sources */ = {isa = PBXBuildFile; fileRef = 9A1BA5782914AFE000FC919C /* BeSpoked_BikesApp.swift */; };
		9A1BA57B2914AFE000FC919C /* MainTabView.swift in Sources */ = {isa = PBXBuildFile; fileRef = 9A1BA57A2914AFE000FC919C /* MainTabView.swift */; };
		9A1BA57D2914AFE100FC919C /* Assets.xcassets in Resources */ = {isa = PBXBuildFile; fileRef = 9A1BA57C2914AFE100FC919C /* Assets.xcassets */; };
		9A1BA5802914AFE100FC919C /* Preview Assets.xcassets in Resources */ = {isa = PBXBuildFile; fileRef = 9A1BA57F2914AFE100FC919C /* Preview Assets.xcassets */; };
		9A1BA5882914B1EB00FC919C /* Product.swift in Sources */ = {isa = PBXBuildFile; fileRef = 9A1BA5872914B1EB00FC919C /* Product.swift */; };
		9A1BA58A2914B26200FC919C /* Salesperson.swift in Sources */ = {isa = PBXBuildFile; fileRef = 9A1BA5892914B26200FC919C /* Salesperson.swift */; };
		9A1BA58C2914B2A100FC919C /* Customer.swift in Sources */ = {isa = PBXBuildFile; fileRef = 9A1BA58B2914B2A100FC919C /* Customer.swift */; };
		9A1BA58E2914B2E500FC919C /* Sale.swift in Sources */ = {isa = PBXBuildFile; fileRef = 9A1BA58D2914B2E500FC919C /* Sale.swift */; };
		9A1BA5902914B30C00FC919C /* Discount.swift in Sources */ = {isa = PBXBuildFile; fileRef = 9A1BA58F2914B30C00FC919C /* Discount.swift */; };
		9A2E1B172915AE76001547BD /* SalespersonsView.swift in Sources */ = {isa = PBXBuildFile; fileRef = 9A2E1B162915AE76001547BD /* SalespersonsView.swift */; };
		9A2E1B192915B800001547BD /* AddSalespersonView.swift in Sources */ = {isa = PBXBuildFile; fileRef = 9A2E1B182915B800001547BD /* AddSalespersonView.swift */; };
		9A2E1B1B2915C2D2001547BD /* EditSalespersonView.swift in Sources */ = {isa = PBXBuildFile; fileRef = 9A2E1B1A2915C2D2001547BD /* EditSalespersonView.swift */; };
		9A2E1B1F2915CF0C001547BD /* ProductsView.swift in Sources */ = {isa = PBXBuildFile; fileRef = 9A2E1B1E2915CF0C001547BD /* ProductsView.swift */; };
		9A2E1B222915D289001547BD /* AddProductView.swift in Sources */ = {isa = PBXBuildFile; fileRef = 9A2E1B212915D289001547BD /* AddProductView.swift */; };
		9A2E1B242915D670001547BD /* EditProductView.swift in Sources */ = {isa = PBXBuildFile; fileRef = 9A2E1B232915D670001547BD /* EditProductView.swift */; };
		9A2E1B262915D9F1001547BD /* CustomersView.swift in Sources */ = {isa = PBXBuildFile; fileRef = 9A2E1B252915D9F1001547BD /* CustomersView.swift */; };
		9A2E1B292915DB8C001547BD /* SalesView.swift in Sources */ = {isa = PBXBuildFile; fileRef = 9A2E1B282915DB8C001547BD /* SalesView.swift */; };
		9A82AA6B2914B7FD007B8183 /* BikesViewModel.swift in Sources */ = {isa = PBXBuildFile; fileRef = 9A82AA6A2914B7FD007B8183 /* BikesViewModel.swift */; };
/* End PBXBuildFile section */

/* Begin PBXFileReference section */
		9A1BA5752914AFE000FC919C /* BeSpoked Bikes.app */ = {isa = PBXFileReference; explicitFileType = wrapper.application; includeInIndex = 0; path = "BeSpoked Bikes.app"; sourceTree = BUILT_PRODUCTS_DIR; };
		9A1BA5782914AFE000FC919C /* BeSpoked_BikesApp.swift */ = {isa = PBXFileReference; lastKnownFileType = sourcecode.swift; path = BeSpoked_BikesApp.swift; sourceTree = "<group>"; };
		9A1BA57A2914AFE000FC919C /* MainTabView.swift */ = {isa = PBXFileReference; lastKnownFileType = sourcecode.swift; path = MainTabView.swift; sourceTree = "<group>"; };
		9A1BA57C2914AFE100FC919C /* Assets.xcassets */ = {isa = PBXFileReference; lastKnownFileType = folder.assetcatalog; path = Assets.xcassets; sourceTree = "<group>"; };
		9A1BA57F2914AFE100FC919C /* Preview Assets.xcassets */ = {isa = PBXFileReference; lastKnownFileType = folder.assetcatalog; path = "Preview Assets.xcassets"; sourceTree = "<group>"; };
		9A1BA5872914B1EB00FC919C /* Product.swift */ = {isa = PBXFileReference; lastKnownFileType = sourcecode.swift; path = Product.swift; sourceTree = "<group>"; };
		9A1BA5892914B26200FC919C /* Salesperson.swift */ = {isa = PBXFileReference; lastKnownFileType = sourcecode.swift; path = Salesperson.swift; sourceTree = "<group>"; };
		9A1BA58B2914B2A100FC919C /* Customer.swift */ = {isa = PBXFileReference; lastKnownFileType = sourcecode.swift; path = Customer.swift; sourceTree = "<group>"; };
		9A1BA58D2914B2E500FC919C /* Sale.swift */ = {isa = PBXFileReference; lastKnownFileType = sourcecode.swift; path = Sale.swift; sourceTree = "<group>"; };
		9A1BA58F2914B30C00FC919C /* Discount.swift */ = {isa = PBXFileReference; lastKnownFileType = sourcecode.swift; path = Discount.swift; sourceTree = "<group>"; };
		9A2E1B162915AE76001547BD /* SalespersonsView.swift */ = {isa = PBXFileReference; lastKnownFileType = sourcecode.swift; path = SalespersonsView.swift; sourceTree = "<group>"; };
		9A2E1B182915B800001547BD /* AddSalespersonView.swift */ = {isa = PBXFileReference; lastKnownFileType = sourcecode.swift; path = AddSalespersonView.swift; sourceTree = "<group>"; };
		9A2E1B1A2915C2D2001547BD /* EditSalespersonView.swift */ = {isa = PBXFileReference; lastKnownFileType = sourcecode.swift; path = EditSalespersonView.swift; sourceTree = "<group>"; };
		9A2E1B1E2915CF0C001547BD /* ProductsView.swift */ = {isa = PBXFileReference; lastKnownFileType = sourcecode.swift; path = ProductsView.swift; sourceTree = "<group>"; };
		9A2E1B212915D289001547BD /* AddProductView.swift */ = {isa = PBXFileReference; lastKnownFileType = sourcecode.swift; path = AddProductView.swift; sourceTree = "<group>"; };
		9A2E1B232915D670001547BD /* EditProductView.swift */ = {isa = PBXFileReference; lastKnownFileType = sourcecode.swift; path = EditProductView.swift; sourceTree = "<group>"; };
		9A2E1B252915D9F1001547BD /* CustomersView.swift */ = {isa = PBXFileReference; lastKnownFileType = sourcecode.swift; path = CustomersView.swift; sourceTree = "<group>"; };
		9A2E1B282915DB8C001547BD /* SalesView.swift */ = {isa = PBXFileReference; lastKnownFileType = sourcecode.swift; path = SalesView.swift; sourceTree = "<group>"; };
		9A82AA6A2914B7FD007B8183 /* BikesViewModel.swift */ = {isa = PBXFileReference; lastKnownFileType = sourcecode.swift; path = BikesViewModel.swift; sourceTree = "<group>"; };
/* End PBXFileReference section */

/* Begin PBXFrameworksBuildPhase section */
		9A1BA5722914AFE000FC919C /* Frameworks */ = {
			isa = PBXFrameworksBuildPhase;
			buildActionMask = 2147483647;
			files = (
			);
			runOnlyForDeploymentPostprocessing = 0;
		};
/* End PBXFrameworksBuildPhase section */

/* Begin PBXGroup section */
		9A1BA56C2914AFE000FC919C = {
			isa = PBXGroup;
			children = (
				9A1BA5772914AFE000FC919C /* BeSpoked Bikes */,
				9A1BA5762914AFE000FC919C /* Products */,
			);
			sourceTree = "<group>";
		};
		9A1BA5762914AFE000FC919C /* Products */ = {
			isa = PBXGroup;
			children = (
				9A1BA5752914AFE000FC919C /* BeSpoked Bikes.app */,
			);
			name = Products;
			sourceTree = "<group>";
		};
		9A1BA5772914AFE000FC919C /* BeSpoked Bikes */ = {
			isa = PBXGroup;
			children = (
				9A1BA5782914AFE000FC919C /* BeSpoked_BikesApp.swift */,
				9A2E1B1D2915CEEA001547BD /* Views */,
				9A82AA6A2914B7FD007B8183 /* BikesViewModel.swift */,
				9A1BA5862914B1DA00FC919C /* Data */,
				9A1BA57C2914AFE100FC919C /* Assets.xcassets */,
				9A1BA57E2914AFE100FC919C /* Preview Content */,
			);
			path = "BeSpoked Bikes";
			sourceTree = "<group>";
		};
		9A1BA57E2914AFE100FC919C /* Preview Content */ = {
			isa = PBXGroup;
			children = (
				9A1BA57F2914AFE100FC919C /* Preview Assets.xcassets */,
			);
			path = "Preview Content";
			sourceTree = "<group>";
		};
		9A1BA5862914B1DA00FC919C /* Data */ = {
			isa = PBXGroup;
			children = (
				9A1BA5872914B1EB00FC919C /* Product.swift */,
				9A1BA5892914B26200FC919C /* Salesperson.swift */,
				9A1BA58B2914B2A100FC919C /* Customer.swift */,
				9A1BA58D2914B2E500FC919C /* Sale.swift */,
				9A1BA58F2914B30C00FC919C /* Discount.swift */,
			);
			path = Data;
			sourceTree = "<group>";
		};
		9A2E1B1C2915CEDC001547BD /* SalespersonsViews */ = {
			isa = PBXGroup;
			children = (
				9A2E1B162915AE76001547BD /* SalespersonsView.swift */,
				9A2E1B182915B800001547BD /* AddSalespersonView.swift */,
				9A2E1B1A2915C2D2001547BD /* EditSalespersonView.swift */,
			);
			path = SalespersonsViews;
			sourceTree = "<group>";
		};
		9A2E1B1D2915CEEA001547BD /* Views */ = {
			isa = PBXGroup;
			children = (
				9A1BA57A2914AFE000FC919C /* MainTabView.swift */,
				9A2E1B282915DB8C001547BD /* SalesView.swift */,
				9A2E1B272915DB7A001547BD /* CustomersViews */,
				9A2E1B202915D26C001547BD /* ProductsViews */,
				9A2E1B1C2915CEDC001547BD /* SalespersonsViews */,
			);
			path = Views;
			sourceTree = "<group>";
		};
		9A2E1B202915D26C001547BD /* ProductsViews */ = {
			isa = PBXGroup;
			children = (
				9A2E1B1E2915CF0C001547BD /* ProductsView.swift */,
				9A2E1B212915D289001547BD /* AddProductView.swift */,
				9A2E1B232915D670001547BD /* EditProductView.swift */,
			);
			path = ProductsViews;
			sourceTree = "<group>";
		};
		9A2E1B272915DB7A001547BD /* CustomersViews */ = {
			isa = PBXGroup;
			children = (
				9A2E1B252915D9F1001547BD /* CustomersView.swift */,
			);
			path = CustomersViews;
			sourceTree = "<group>";
		};
/* End PBXGroup section */

/* Begin PBXNativeTarget section */
		9A1BA5742914AFE000FC919C /* BeSpoked Bikes */ = {
			isa = PBXNativeTarget;
			buildConfigurationList = 9A1BA5832914AFE100FC919C /* Build configuration list for PBXNativeTarget "BeSpoked Bikes" */;
			buildPhases = (
				9A1BA5712914AFE000FC919C /* Sources */,
				9A1BA5722914AFE000FC919C /* Frameworks */,
				9A1BA5732914AFE000FC919C /* Resources */,
			);
			buildRules = (
			);
			dependencies = (
			);
			name = "BeSpoked Bikes";
			productName = "BeSpoked Bikes";
			productReference = 9A1BA5752914AFE000FC919C /* BeSpoked Bikes.app */;
			productType = "com.apple.product-type.application";
		};
/* End PBXNativeTarget section */

/* Begin PBXProject section */
		9A1BA56D2914AFE000FC919C /* Project object */ = {
			isa = PBXProject;
			attributes = {
				BuildIndependentTargetsInParallel = 1;
				LastSwiftUpdateCheck = 1400;
				LastUpgradeCheck = 1400;
				TargetAttributes = {
					9A1BA5742914AFE000FC919C = {
						CreatedOnToolsVersion = 14.0.1;
					};
				};
			};
			buildConfigurationList = 9A1BA5702914AFE000FC919C /* Build configuration list for PBXProject "BeSpoked Bikes" */;
			compatibilityVersion = "Xcode 14.0";
			developmentRegion = en;
			hasScannedForEncodings = 0;
			knownRegions = (
				en,
				Base,
			);
			mainGroup = 9A1BA56C2914AFE000FC919C;
			productRefGroup = 9A1BA5762914AFE000FC919C /* Products */;
			projectDirPath = "";
			projectRoot = "";
			targets = (
				9A1BA5742914AFE000FC919C /* BeSpoked Bikes */,
			);
		};
/* End PBXProject section */

/* Begin PBXResourcesBuildPhase section */
		9A1BA5732914AFE000FC919C /* Resources */ = {
			isa = PBXResourcesBuildPhase;
			buildActionMask = 2147483647;
			files = (
				9A1BA5802914AFE100FC919C /* Preview Assets.xcassets in Resources */,
				9A1BA57D2914AFE100FC919C /* Assets.xcassets in Resources */,
			);
			runOnlyForDeploymentPostprocessing = 0;
		};
/* End PBXResourcesBuildPhase section */

/* Begin PBXSourcesBuildPhase section */
		9A1BA5712914AFE000FC919C /* Sources */ = {
			isa = PBXSourcesBuildPhase;
			buildActionMask = 2147483647;
			files = (
				9A2E1B192915B800001547BD /* AddSalespersonView.swift in Sources */,
				9A2E1B222915D289001547BD /* AddProductView.swift in Sources */,
				9A1BA57B2914AFE000FC919C /* MainTabView.swift in Sources */,
				9A2E1B262915D9F1001547BD /* CustomersView.swift in Sources */,
				9A82AA6B2914B7FD007B8183 /* BikesViewModel.swift in Sources */,
				9A1BA5902914B30C00FC919C /* Discount.swift in Sources */,
				9A1BA58C2914B2A100FC919C /* Customer.swift in Sources */,
				9A2E1B1B2915C2D2001547BD /* EditSalespersonView.swift in Sources */,
				9A1BA5792914AFE000FC919C /* BeSpoked_BikesApp.swift in Sources */,
				9A2E1B242915D670001547BD /* EditProductView.swift in Sources */,
				9A1BA5882914B1EB00FC919C /* Product.swift in Sources */,
				9A2E1B1F2915CF0C001547BD /* ProductsView.swift in Sources */,
				9A2E1B172915AE76001547BD /* SalespersonsView.swift in Sources */,
				9A2E1B292915DB8C001547BD /* SalesView.swift in Sources */,
				9A1BA58E2914B2E500FC919C /* Sale.swift in Sources */,
				9A1BA58A2914B26200FC919C /* Salesperson.swift in Sources */,
			);
			runOnlyForDeploymentPostprocessing = 0;
		};
/* End PBXSourcesBuildPhase section */

/* Begin XCBuildConfiguration section */
		9A1BA5812914AFE100FC919C /* Debug */ = {
			isa = XCBuildConfiguration;
			buildSettings = {
				ALWAYS_SEARCH_USER_PATHS = NO;
				CLANG_ANALYZER_NONNULL = YES;
				CLANG_ANALYZER_NUMBER_OBJECT_CONVERSION = YES_AGGRESSIVE;
				CLANG_CXX_LANGUAGE_STANDARD = "gnu++20";
				CLANG_ENABLE_MODULES = YES;
				CLANG_ENABLE_OBJC_ARC = YES;
				CLANG_ENABLE_OBJC_WEAK = YES;
				CLANG_WARN_BLOCK_CAPTURE_AUTORELEASING = YES;
				CLANG_WARN_BOOL_CONVERSION = YES;
				CLANG_WARN_COMMA = YES;
				CLANG_WARN_CONSTANT_CONVERSION = YES;
				CLANG_WARN_DEPRECATED_OBJC_IMPLEMENTATIONS = YES;
				CLANG_WARN_DIRECT_OBJC_ISA_USAGE = YES_ERROR;
				CLANG_WARN_DOCUMENTATION_COMMENTS = YES;
				CLANG_WARN_EMPTY_BODY = YES;
				CLANG_WARN_ENUM_CONVERSION = YES;
				CLANG_WARN_INFINITE_RECURSION = YES;
				CLANG_WARN_INT_CONVERSION = YES;
				CLANG_WARN_NON_LITERAL_NULL_CONVERSION = YES;
				CLANG_WARN_OBJC_IMPLICIT_RETAIN_SELF = YES;
				CLANG_WARN_OBJC_LITERAL_CONVERSION = YES;
				CLANG_WARN_OBJC_ROOT_CLASS = YES_ERROR;
				CLANG_WARN_QUOTED_INCLUDE_IN_FRAMEWORK_HEADER = YES;
				CLANG_WARN_RANGE_LOOP_ANALYSIS = YES;
				CLANG_WARN_STRICT_PROTOTYPES = YES;
				CLANG_WARN_SUSPICIOUS_MOVE = YES;
				CLANG_WARN_UNGUARDED_AVAILABILITY = YES_AGGRESSIVE;
				CLANG_WARN_UNREACHABLE_CODE = YES;
				CLANG_WARN__DUPLICATE_METHOD_MATCH = YES;
				COPY_PHASE_STRIP = NO;
				DEBUG_INFORMATION_FORMAT = dwarf;
				ENABLE_STRICT_OBJC_MSGSEND = YES;
				ENABLE_TESTABILITY = YES;
				GCC_C_LANGUAGE_STANDARD = gnu11;
				GCC_DYNAMIC_NO_PIC = NO;
				GCC_NO_COMMON_BLOCKS = YES;
				GCC_OPTIMIZATION_LEVEL = 0;
				GCC_PREPROCESSOR_DEFINITIONS = (
					"DEBUG=1",
					"$(inherited)",
				);
				GCC_WARN_64_TO_32_BIT_CONVERSION = YES;
				GCC_WARN_ABOUT_RETURN_TYPE = YES_ERROR;
				GCC_WARN_UNDECLARED_SELECTOR = YES;
				GCC_WARN_UNINITIALIZED_AUTOS = YES_AGGRESSIVE;
				GCC_WARN_UNUSED_FUNCTION = YES;
				GCC_WARN_UNUSED_VARIABLE = YES;
				IPHONEOS_DEPLOYMENT_TARGET = 16.0;
				MTL_ENABLE_DEBUG_INFO = INCLUDE_SOURCE;
				MTL_FAST_MATH = YES;
				ONLY_ACTIVE_ARCH = YES;
				SDKROOT = iphoneos;
				SWIFT_ACTIVE_COMPILATION_CONDITIONS = DEBUG;
				SWIFT_OPTIMIZATION_LEVEL = "-Onone";
			};
			name = Debug;
		};
		9A1BA5822914AFE100FC919C /* Release */ = {
			isa = XCBuildConfiguration;
			buildSettings = {
				ALWAYS_SEARCH_USER_PATHS = NO;
				CLANG_ANALYZER_NONNULL = YES;
				CLANG_ANALYZER_NUMBER_OBJECT_CONVERSION = YES_AGGRESSIVE;
				CLANG_CXX_LANGUAGE_STANDARD = "gnu++20";
				CLANG_ENABLE_MODULES = YES;
				CLANG_ENABLE_OBJC_ARC = YES;
				CLANG_ENABLE_OBJC_WEAK = YES;
				CLANG_WARN_BLOCK_CAPTURE_AUTORELEASING = YES;
				CLANG_WARN_BOOL_CONVERSION = YES;
				CLANG_WARN_COMMA = YES;
				CLANG_WARN_CONSTANT_CONVERSION = YES;
				CLANG_WARN_DEPRECATED_OBJC_IMPLEMENTATIONS = YES;
				CLANG_WARN_DIRECT_OBJC_ISA_USAGE = YES_ERROR;
				CLANG_WARN_DOCUMENTATION_COMMENTS = YES;
				CLANG_WARN_EMPTY_BODY = YES;
				CLANG_WARN_ENUM_CONVERSION = YES;
				CLANG_WARN_INFINITE_RECURSION = YES;
				CLANG_WARN_INT_CONVERSION = YES;
				CLANG_WARN_NON_LITERAL_NULL_CONVERSION = YES;
				CLANG_WARN_OBJC_IMPLICIT_RETAIN_SELF = YES;
				CLANG_WARN_OBJC_LITERAL_CONVERSION = YES;
				CLANG_WARN_OBJC_ROOT_CLASS = YES_ERROR;
				CLANG_WARN_QUOTED_INCLUDE_IN_FRAMEWORK_HEADER = YES;
				CLANG_WARN_RANGE_LOOP_ANALYSIS = YES;
				CLANG_WARN_STRICT_PROTOTYPES = YES;
				CLANG_WARN_SUSPICIOUS_MOVE = YES;
				CLANG_WARN_UNGUARDED_AVAILABILITY = YES_AGGRESSIVE;
				CLANG_WARN_UNREACHABLE_CODE = YES;
				CLANG_WARN__DUPLICATE_METHOD_MATCH = YES;
				COPY_PHASE_STRIP = NO;
				DEBUG_INFORMATION_FORMAT = "dwarf-with-dsym";
				ENABLE_NS_ASSERTIONS = NO;
				ENABLE_STRICT_OBJC_MSGSEND = YES;
				GCC_C_LANGUAGE_STANDARD = gnu11;
				GCC_NO_COMMON_BLOCKS = YES;
				GCC_WARN_64_TO_32_BIT_CONVERSION = YES;
				GCC_WARN_ABOUT_RETURN_TYPE = YES_ERROR;
				GCC_WARN_UNDECLARED_SELECTOR = YES;
				GCC_WARN_UNINITIALIZED_AUTOS = YES_AGGRESSIVE;
				GCC_WARN_UNUSED_FUNCTION = YES;
				GCC_WARN_UNUSED_VARIABLE = YES;
				IPHONEOS_DEPLOYMENT_TARGET = 16.0;
				MTL_ENABLE_DEBUG_INFO = NO;
				MTL_FAST_MATH = YES;
				SDKROOT = iphoneos;
				SWIFT_COMPILATION_MODE = wholemodule;
				SWIFT_OPTIMIZATION_LEVEL = "-O";
				VALIDATE_PRODUCT = YES;
			};
			name = Release;
		};
		9A1BA5842914AFE100FC919C /* Debug */ = {
			isa = XCBuildConfiguration;
			buildSettings = {
				ASSETCATALOG_COMPILER_APPICON_NAME = AppIcon;
				ASSETCATALOG_COMPILER_GLOBAL_ACCENT_COLOR_NAME = AccentColor;
				CODE_SIGN_STYLE = Automatic;
				CURRENT_PROJECT_VERSION = 1;
				DEVELOPMENT_ASSET_PATHS = "\"BeSpoked Bikes/Preview Content\"";
				DEVELOPMENT_TEAM = 3245FW657Z;
				ENABLE_PREVIEWS = YES;
				GENERATE_INFOPLIST_FILE = YES;
				INFOPLIST_KEY_CFBundleDisplayName = "BeSpoked Bikes";
				INFOPLIST_KEY_UIApplicationSceneManifest_Generation = YES;
				INFOPLIST_KEY_UIApplicationSupportsIndirectInputEvents = YES;
				INFOPLIST_KEY_UILaunchScreen_Generation = YES;
				INFOPLIST_KEY_UISupportedInterfaceOrientations_iPad = "UIInterfaceOrientationPortrait UIInterfaceOrientationPortraitUpsideDown UIInterfaceOrientationLandscapeLeft UIInterfaceOrientationLandscapeRight";
				INFOPLIST_KEY_UISupportedInterfaceOrientations_iPhone = "UIInterfaceOrientationPortrait UIInterfaceOrientationLandscapeLeft UIInterfaceOrientationLandscapeRight";
				LD_RUNPATH_SEARCH_PATHS = (
					"$(inherited)",
					"@executable_path/Frameworks",
				);
				MARKETING_VERSION = 1.0;
				PRODUCT_BUNDLE_IDENTIFIER = "com.MatthewFree.BeSpoked-Bikes";
				PRODUCT_NAME = "$(TARGET_NAME)";
				SWIFT_EMIT_LOC_STRINGS = YES;
				SWIFT_VERSION = 5.0;
				TARGETED_DEVICE_FAMILY = "1,2";
			};
			name = Debug;
		};
		9A1BA5852914AFE100FC919C /* Release */ = {
			isa = XCBuildConfiguration;
			buildSettings = {
				ASSETCATALOG_COMPILER_APPICON_NAME = AppIcon;
				ASSETCATALOG_COMPILER_GLOBAL_ACCENT_COLOR_NAME = AccentColor;
				CODE_SIGN_STYLE = Automatic;
				CURRENT_PROJECT_VERSION = 1;
				DEVELOPMENT_ASSET_PATHS = "\"BeSpoked Bikes/Preview Content\"";
				DEVELOPMENT_TEAM = 3245FW657Z;
				ENABLE_PREVIEWS = YES;
				GENERATE_INFOPLIST_FILE = YES;
				INFOPLIST_KEY_CFBundleDisplayName = "BeSpoked Bikes";
				INFOPLIST_KEY_UIApplicationSceneManifest_Generation = YES;
				INFOPLIST_KEY_UIApplicationSupportsIndirectInputEvents = YES;
				INFOPLIST_KEY_UILaunchScreen_Generation = YES;
				INFOPLIST_KEY_UISupportedInterfaceOrientations_iPad = "UIInterfaceOrientationPortrait UIInterfaceOrientationPortraitUpsideDown UIInterfaceOrientationLandscapeLeft UIInterfaceOrientationLandscapeRight";
				INFOPLIST_KEY_UISupportedInterfaceOrientations_iPhone = "UIInterfaceOrientationPortrait UIInterfaceOrientationLandscapeLeft UIInterfaceOrientationLandscapeRight";
				LD_RUNPATH_SEARCH_PATHS = (
					"$(inherited)",
					"@executable_path/Frameworks",
				);
				MARKETING_VERSION = 1.0;
				PRODUCT_BUNDLE_IDENTIFIER = "com.MatthewFree.BeSpoked-Bikes";
				PRODUCT_NAME = "$(TARGET_NAME)";
				SWIFT_EMIT_LOC_STRINGS = YES;
				SWIFT_VERSION = 5.0;
				TARGETED_DEVICE_FAMILY = "1,2";
			};
			name = Release;
		};
/* End XCBuildConfiguration section */

/* Begin XCConfigurationList section */
		9A1BA5702914AFE000FC919C /* Build configuration list for PBXProject "BeSpoked Bikes" */ = {
			isa = XCConfigurationList;
			buildConfigurations = (
				9A1BA5812914AFE100FC919C /* Debug */,
				9A1BA5822914AFE100FC919C /* Release */,
			);
			defaultConfigurationIsVisible = 0;
			defaultConfigurationName = Release;
		};
		9A1BA5832914AFE100FC919C /* Build configuration list for PBXNativeTarget "BeSpoked Bikes" */ = {
			isa = XCConfigurationList;
			buildConfigurations = (
				9A1BA5842914AFE100FC919C /* Debug */,
				9A1BA5852914AFE100FC919C /* Release */,
			);
			defaultConfigurationIsVisible = 0;
			defaultConfigurationName = Release;
		};
/* End XCConfigurationList section */
	};
	rootObject = 9A1BA56D2914AFE000FC919C /* Project object */;
}
